
Microsoft Visual Studio Solution File, Format Version 12.00
# Visual Studio Version 16
VisualStudioVersion = 25.0.1700.0
MinimumVisualStudioVersion = 10.0.40219.1
Project("{FAE04EC0-301F-11D3-BF4B-00C04F79EFBC}") = "BattleSimulatorTest", "BattleSimulatorTest\BattleSimulatorTest.csproj", "{91ADA3B5-DF63-47F0-8AAC-E1411612D5C8}"
EndProject
Global
	GlobalSection(SolutionConfigurationPlatforms) = preSolution
		Debug|Any CPU = Debug|Any CPU
		Release|Any CPU = Release|Any CPU
	EndGlobalSection
	GlobalSection(ProjectConfigurationPlatforms) = postSolution
		{91ADA3B5-DF63-47F0-8AAC-E1411612D5C8}.Debug|Any CPU.ActiveCfg = Debug|Any CPU
		{91ADA3B5-DF63-47F0-8AAC-E1411612D5C8}.Debug|Any CPU.Build.0 = Debug|Any CPU
		{91ADA3B5-DF63-47F0-8AAC-E1411612D5C8}.Release|Any CPU.ActiveCfg = Release|Any CPU
		{91ADA3B5-DF63-47F0-8AAC-E1411612D5C8}.Release|Any CPU.Build.0 = Release|Any CPU
	EndGlobalSection
	GlobalSection(SolutionProperties) = preSolution
		HideSolutionNode = FALSE
	EndGlobalSection
	GlobalSection(ExtensibilityGlobals) = postSolution
		SolutionGuid = {45F06148-9CA4-4272-9FEF-0A770526EDE9}
	EndGlobalSection
EndGlobal
